<?xml version="1.0" encoding="utf-8"?>
<Project ToolsVersion="4.0" xmlns="http://schemas.microsoft.com/developer/msbuild/2003">
  <ItemGroup>
    <Filter Include="Fichiers sources">
      <UniqueIdentifier>{4FC737F1-C7A5-4376-A066-2A32D752A2FF}</UniqueIdentifier>
      <Extensions>cpp;c;cc;cxx;c++;cppm;ixx;def;odl;idl;hpj;bat;asm;asmx</Extensions>
    </Filter>
    <Filter Include="Fichiers d%27en-tête">
      <UniqueIdentifier>{93995380-89BD-4b04-88EB-625FBE52EBFB}</UniqueIdentifier>
      <Extensions>h;hh;hpp;hxx;h++;hm;inl;inc;ipp;xsd</Extensions>
    </Filter>
    <Filter Include="Fichiers de ressources">
      <UniqueIdentifier>{67DA6AB6-F800-4c08-8B7A-83BB121AAD01}</UniqueIdentifier>
      <Extensions>rc;ico;cur;bmp;dlg;rc2;rct;bin;rgs;gif;jpg;jpeg;jpe;resx;tiff;tif;png;wav;mfcribbon-ms</Extensions>
    </Filter>
  </ItemGroup>
  <ItemGroup>
    <ClCompile Include="src\Game.cpp">
      <Filter>Fichiers sources</Filter>
    </ClCompile>
    <ClCompile Include="src\Grid.cpp">
      <Filter>Fichiers sources</Filter>
    </ClCompile>
    <ClCompile Include="src\main.cpp">
      <Filter>Fichiers sources</Filter>
    </ClCompile>
    <ClCompile Include="src\Piece.cpp">
      <Filter>Fichiers sources</Filter>
    </ClCompile>
    <ClCompile Include="src\Position.cpp">
      <Filter>Fichiers sources</Filter>
    </ClCompile>
    <ClCompile Include="src\Tetris.cpp">
      <Filter>Fichiers sources</Filter>
    </ClCompile>
  </ItemGroup>
  <ItemGroup>
    <ClInclude Include="include\Game.h">
      <Filter>Fichiers d%27en-tête</Filter>
    </ClInclude>
    <ClInclude Include="include\Grid.h">
      <Filter>Fichiers d%27en-tête</Filter>
    </ClInclude>
    <ClInclude Include="include\Piece.h">
      <Filter>Fichiers d%27en-tête</Filter>
    </ClInclude>
    <ClInclude Include="include\Position.h">
      <Filter>Fichiers d%27en-tête</Filter>
    </ClInclude>
    <ClInclude Include="include\Tetris.h">
      <Filter>Fichiers d%27en-tête</Filter>
    </ClInclude>
  </ItemGroup>
  <ItemGroup>
    <Font Include="assets\fonts\SummerFavourite-ARLr6.ttf" />
    <Font Include="assets\fonts\TechnoRaceItalic-eZRWe.otf" />
  </ItemGroup>
  <ItemGroup>
    <Media Include="assets\sounds\digital-beeping-151921.mp3" />
    <Media Include="assets\sounds\gmeOver2.wav">
      <Filter>Fichiers de ressources</Filter>
    </Media>
    <Media Include="assets\sounds\gmeOver3.wav">
      <Filter>Fichiers de ressources</Filter>
    </Media>
    <Media Include="assets\sounds\mixkit-completion-of-a-level-2063.wav">
      <Filter>Fichiers de ressources</Filter>
    </Media>
    <Media Include="assets\sounds\mixkit-game-level-music-689.wav">
      <Filter>Fichiers de ressources</Filter>
    </Media>
    <Media Include="assets\sounds\turnpage-99756.mp3" />
    <Media Include="assets\sounds\turnpage-99756.wav">
      <Filter>Fichiers de ressources</Filter>
    </Media>
    <Media Include="assets\sounds\8-bit-game-over-sound-effect-331435.mp3" />
    <Media Include="assets\sounds\8-bit-game-over-sound-effect-331435.wav">
      <Filter>Fichiers de ressources</Filter>
    </Media>
    <Media Include="assets\sounds\music-for-game-fun-kid-game-163649.mp3" />
    <Media Include="assets\sounds\success-340660.mp3" />
    <Media Include="assets\sounds\success-340660.wav">
      <Filter>Fichiers de ressources</Filter>
    </Media>
    <Media Include="assets\sounds\music-for-game-fun-kid-game-163649.wav">
      <Filter>Fichiers de ressources</Filter>
    </Media>
  </ItemGroup>
  <ItemGroup>
    <None Include="assets\sounds\mixkit-completion-of-a-level-2063.ogg" />
    <None Include="assets\sounds\mixkit-game-level-music-689.ogg" />
    <None Include="assets\sounds\music-for-game-fun-kid-game-163649.ogg" />
  </ItemGroup>
</Project>